
Microsoft Visual Studio Solution File, Format Version 12.00
# Visual Studio Version 16
VisualStudioVersion = 16.0.29319.158
MinimumVisualStudioVersion = 10.0.40219.1
Project("{9A19103F-16F7-4668-BE54-9A1E7A4F7556}") = "MediSecurity.Common", "MediSecurity.Common\MediSecurity.Common.csproj", "{D656C7B2-0085-4FC8-8040-D90642065B43}"
EndProject
Project("{FAE04EC0-301F-11D3-BF4B-00C04F79EFBC}") = "MediSecurity", "MediSecurity\MediSecurity.csproj", "{BC601C9B-1A15-4DB5-963D-7A7C613E7317}"
EndProject
Global
	GlobalSection(SolutionConfigurationPlatforms) = preSolution
		Debug|Any CPU = Debug|Any CPU
		Release|Any CPU = Release|Any CPU
	EndGlobalSection
	GlobalSection(ProjectConfigurationPlatforms) = postSolution
		{D656C7B2-0085-4FC8-8040-D90642065B43}.Debug|Any CPU.ActiveCfg = Debug|Any CPU
		{D656C7B2-0085-4FC8-8040-D90642065B43}.Debug|Any CPU.Build.0 = Debug|Any CPU
		{D656C7B2-0085-4FC8-8040-D90642065B43}.Release|Any CPU.ActiveCfg = Release|Any CPU
		{D656C7B2-0085-4FC8-8040-D90642065B43}.Release|Any CPU.Build.0 = Release|Any CPU
		{BC601C9B-1A15-4DB5-963D-7A7C613E7317}.Debug|Any CPU.ActiveCfg = Debug|Any CPU
		{BC601C9B-1A15-4DB5-963D-7A7C613E7317}.Debug|Any CPU.Build.0 = Debug|Any CPU
		{BC601C9B-1A15-4DB5-963D-7A7C613E7317}.Release|Any CPU.ActiveCfg = Release|Any CPU
		{BC601C9B-1A15-4DB5-963D-7A7C613E7317}.Release|Any CPU.Build.0 = Release|Any CPU
	EndGlobalSection
	GlobalSection(SolutionProperties) = preSolution
		HideSolutionNode = FALSE
	EndGlobalSection
	GlobalSection(ExtensibilityGlobals) = postSolution
		SolutionGuid = {D69DFD12-EA86-4901-927D-E6394DFEE48A}
	EndGlobalSection
EndGlobal
