
Microsoft Visual Studio Solution File, Format Version 12.00
# Visual Studio Version 16
VisualStudioVersion = 16.0.29319.158
MinimumVisualStudioVersion = 10.0.40219.1
Project("{9A19103F-16F7-4668-BE54-9A1E7A4F7556}") = "MediSecurity.Common", "MediSecurity.Common\MediSecurity.Common.csproj", "{D656C7B2-0085-4FC8-8040-D90642065B43}"
EndProject
Project("{9A19103F-16F7-4668-BE54-9A1E7A4F7556}") = "MediSecurity", "MediSecurity\MediSecurity.csproj", "{BC601C9B-1A15-4DB5-963D-7A7C613E7317}"
EndProject
Project("{FAE04EC0-301F-11D3-BF4B-00C04F79EFBC}") = "MediSecurity.Prism", "MediSecurity.Prism\MediSecurity.Prism\MediSecurity.Prism.csproj", "{C091E679-1F0F-4674-8925-F86AA7672BB8}"
EndProject
Project("{FAE04EC0-301F-11D3-BF4B-00C04F79EFBC}") = "MediSecurity.Prism.Android", "MediSecurity.Prism\MediSecurity.Prism.Android\MediSecurity.Prism.Android.csproj", "{9FAEA867-4E1A-41C7-9257-C9F74FF7D4F5}"
EndProject
Project("{FAE04EC0-301F-11D3-BF4B-00C04F79EFBC}") = "MediSecurity.Prism.iOS", "MediSecurity.Prism\MediSecurity.Prism.iOS\MediSecurity.Prism.iOS.csproj", "{6410E862-5D4B-406E-B31C-4C644A521673}"
EndProject
Global
	GlobalSection(SolutionConfigurationPlatforms) = preSolution
		Ad-Hoc|Any CPU = Ad-Hoc|Any CPU
		Ad-Hoc|iPhone = Ad-Hoc|iPhone
		Ad-Hoc|iPhoneSimulator = Ad-Hoc|iPhoneSimulator
		AppStore|Any CPU = AppStore|Any CPU
		AppStore|iPhone = AppStore|iPhone
		AppStore|iPhoneSimulator = AppStore|iPhoneSimulator
		Debug|Any CPU = Debug|Any CPU
		Debug|iPhone = Debug|iPhone
		Debug|iPhoneSimulator = Debug|iPhoneSimulator
		Release|Any CPU = Release|Any CPU
		Release|iPhone = Release|iPhone
		Release|iPhoneSimulator = Release|iPhoneSimulator
	EndGlobalSection
	GlobalSection(ProjectConfigurationPlatforms) = postSolution
		{D656C7B2-0085-4FC8-8040-D90642065B43}.Ad-Hoc|Any CPU.ActiveCfg = Release|Any CPU
		{D656C7B2-0085-4FC8-8040-D90642065B43}.Ad-Hoc|Any CPU.Build.0 = Release|Any CPU
		{D656C7B2-0085-4FC8-8040-D90642065B43}.Ad-Hoc|iPhone.ActiveCfg = Release|Any CPU
		{D656C7B2-0085-4FC8-8040-D90642065B43}.Ad-Hoc|iPhone.Build.0 = Release|Any CPU
		{D656C7B2-0085-4FC8-8040-D90642065B43}.Ad-Hoc|iPhoneSimulator.ActiveCfg = Release|Any CPU
		{D656C7B2-0085-4FC8-8040-D90642065B43}.Ad-Hoc|iPhoneSimulator.Build.0 = Release|Any CPU
		{D656C7B2-0085-4FC8-8040-D90642065B43}.AppStore|Any CPU.ActiveCfg = Release|Any CPU
		{D656C7B2-0085-4FC8-8040-D90642065B43}.AppStore|Any CPU.Build.0 = Release|Any CPU
		{D656C7B2-0085-4FC8-8040-D90642065B43}.AppStore|iPhone.ActiveCfg = Release|Any CPU
		{D656C7B2-0085-4FC8-8040-D90642065B43}.AppStore|iPhone.Build.0 = Release|Any CPU
		{D656C7B2-0085-4FC8-8040-D90642065B43}.AppStore|iPhoneSimulator.ActiveCfg = Release|Any CPU
		{D656C7B2-0085-4FC8-8040-D90642065B43}.AppStore|iPhoneSimulator.Build.0 = Release|Any CPU
		{D656C7B2-0085-4FC8-8040-D90642065B43}.Debug|Any CPU.ActiveCfg = Debug|Any CPU
		{D656C7B2-0085-4FC8-8040-D90642065B43}.Debug|Any CPU.Build.0 = Debug|Any CPU
		{D656C7B2-0085-4FC8-8040-D90642065B43}.Debug|iPhone.ActiveCfg = Debug|Any CPU
		{D656C7B2-0085-4FC8-8040-D90642065B43}.Debug|iPhone.Build.0 = Debug|Any CPU
		{D656C7B2-0085-4FC8-8040-D90642065B43}.Debug|iPhoneSimulator.ActiveCfg = Debug|Any CPU
		{D656C7B2-0085-4FC8-8040-D90642065B43}.Debug|iPhoneSimulator.Build.0 = Debug|Any CPU
		{D656C7B2-0085-4FC8-8040-D90642065B43}.Release|Any CPU.ActiveCfg = Release|Any CPU
		{D656C7B2-0085-4FC8-8040-D90642065B43}.Release|Any CPU.Build.0 = Release|Any CPU
		{D656C7B2-0085-4FC8-8040-D90642065B43}.Release|iPhone.ActiveCfg = Release|Any CPU
		{D656C7B2-0085-4FC8-8040-D90642065B43}.Release|iPhone.Build.0 = Release|Any CPU
		{D656C7B2-0085-4FC8-8040-D90642065B43}.Release|iPhoneSimulator.ActiveCfg = Release|Any CPU
		{D656C7B2-0085-4FC8-8040-D90642065B43}.Release|iPhoneSimulator.Build.0 = Release|Any CPU
		{BC601C9B-1A15-4DB5-963D-7A7C613E7317}.Ad-Hoc|Any CPU.ActiveCfg = Release|Any CPU
		{BC601C9B-1A15-4DB5-963D-7A7C613E7317}.Ad-Hoc|Any CPU.Build.0 = Release|Any CPU
		{BC601C9B-1A15-4DB5-963D-7A7C613E7317}.Ad-Hoc|iPhone.ActiveCfg = Release|Any CPU
		{BC601C9B-1A15-4DB5-963D-7A7C613E7317}.Ad-Hoc|iPhone.Build.0 = Release|Any CPU
		{BC601C9B-1A15-4DB5-963D-7A7C613E7317}.Ad-Hoc|iPhoneSimulator.ActiveCfg = Release|Any CPU
		{BC601C9B-1A15-4DB5-963D-7A7C613E7317}.Ad-Hoc|iPhoneSimulator.Build.0 = Release|Any CPU
		{BC601C9B-1A15-4DB5-963D-7A7C613E7317}.AppStore|Any CPU.ActiveCfg = Release|Any CPU
		{BC601C9B-1A15-4DB5-963D-7A7C613E7317}.AppStore|Any CPU.Build.0 = Release|Any CPU
		{BC601C9B-1A15-4DB5-963D-7A7C613E7317}.AppStore|iPhone.ActiveCfg = Release|Any CPU
		{BC601C9B-1A15-4DB5-963D-7A7C613E7317}.AppStore|iPhone.Build.0 = Release|Any CPU
		{BC601C9B-1A15-4DB5-963D-7A7C613E7317}.AppStore|iPhoneSimulator.ActiveCfg = Release|Any CPU
		{BC601C9B-1A15-4DB5-963D-7A7C613E7317}.AppStore|iPhoneSimulator.Build.0 = Release|Any CPU
		{BC601C9B-1A15-4DB5-963D-7A7C613E7317}.Debug|Any CPU.ActiveCfg = Debug|Any CPU
		{BC601C9B-1A15-4DB5-963D-7A7C613E7317}.Debug|Any CPU.Build.0 = Debug|Any CPU
		{BC601C9B-1A15-4DB5-963D-7A7C613E7317}.Debug|iPhone.ActiveCfg = Debug|Any CPU
		{BC601C9B-1A15-4DB5-963D-7A7C613E7317}.Debug|iPhone.Build.0 = Debug|Any CPU
		{BC601C9B-1A15-4DB5-963D-7A7C613E7317}.Debug|iPhoneSimulator.ActiveCfg = Debug|Any CPU
		{BC601C9B-1A15-4DB5-963D-7A7C613E7317}.Debug|iPhoneSimulator.Build.0 = Debug|Any CPU
		{BC601C9B-1A15-4DB5-963D-7A7C613E7317}.Release|Any CPU.ActiveCfg = Release|Any CPU
		{BC601C9B-1A15-4DB5-963D-7A7C613E7317}.Release|Any CPU.Build.0 = Release|Any CPU
		{BC601C9B-1A15-4DB5-963D-7A7C613E7317}.Release|iPhone.ActiveCfg = Release|Any CPU
		{BC601C9B-1A15-4DB5-963D-7A7C613E7317}.Release|iPhone.Build.0 = Release|Any CPU
		{BC601C9B-1A15-4DB5-963D-7A7C613E7317}.Release|iPhoneSimulator.ActiveCfg = Release|Any CPU
		{BC601C9B-1A15-4DB5-963D-7A7C613E7317}.Release|iPhoneSimulator.Build.0 = Release|Any CPU
		{C091E679-1F0F-4674-8925-F86AA7672BB8}.Ad-Hoc|Any CPU.ActiveCfg = Debug|Any CPU
		{C091E679-1F0F-4674-8925-F86AA7672BB8}.Ad-Hoc|Any CPU.Build.0 = Debug|Any CPU
		{C091E679-1F0F-4674-8925-F86AA7672BB8}.Ad-Hoc|iPhone.ActiveCfg = Debug|Any CPU
		{C091E679-1F0F-4674-8925-F86AA7672BB8}.Ad-Hoc|iPhone.Build.0 = Debug|Any CPU
		{C091E679-1F0F-4674-8925-F86AA7672BB8}.Ad-Hoc|iPhoneSimulator.ActiveCfg = Debug|Any CPU
		{C091E679-1F0F-4674-8925-F86AA7672BB8}.Ad-Hoc|iPhoneSimulator.Build.0 = Debug|Any CPU
		{C091E679-1F0F-4674-8925-F86AA7672BB8}.AppStore|Any CPU.ActiveCfg = Debug|Any CPU
		{C091E679-1F0F-4674-8925-F86AA7672BB8}.AppStore|Any CPU.Build.0 = Debug|Any CPU
		{C091E679-1F0F-4674-8925-F86AA7672BB8}.AppStore|iPhone.ActiveCfg = Debug|Any CPU
		{C091E679-1F0F-4674-8925-F86AA7672BB8}.AppStore|iPhone.Build.0 = Debug|Any CPU
		{C091E679-1F0F-4674-8925-F86AA7672BB8}.AppStore|iPhoneSimulator.ActiveCfg = Debug|Any CPU
		{C091E679-1F0F-4674-8925-F86AA7672BB8}.AppStore|iPhoneSimulator.Build.0 = Debug|Any CPU
		{C091E679-1F0F-4674-8925-F86AA7672BB8}.Debug|Any CPU.ActiveCfg = Debug|Any CPU
		{C091E679-1F0F-4674-8925-F86AA7672BB8}.Debug|Any CPU.Build.0 = Debug|Any CPU
		{C091E679-1F0F-4674-8925-F86AA7672BB8}.Debug|iPhone.ActiveCfg = Debug|Any CPU
		{C091E679-1F0F-4674-8925-F86AA7672BB8}.Debug|iPhone.Build.0 = Debug|Any CPU
		{C091E679-1F0F-4674-8925-F86AA7672BB8}.Debug|iPhoneSimulator.ActiveCfg = Debug|Any CPU
		{C091E679-1F0F-4674-8925-F86AA7672BB8}.Debug|iPhoneSimulator.Build.0 = Debug|Any CPU
		{C091E679-1F0F-4674-8925-F86AA7672BB8}.Release|Any CPU.ActiveCfg = Release|Any CPU
		{C091E679-1F0F-4674-8925-F86AA7672BB8}.Release|Any CPU.Build.0 = Release|Any CPU
		{C091E679-1F0F-4674-8925-F86AA7672BB8}.Release|iPhone.ActiveCfg = Release|Any CPU
		{C091E679-1F0F-4674-8925-F86AA7672BB8}.Release|iPhone.Build.0 = Release|Any CPU
		{C091E679-1F0F-4674-8925-F86AA7672BB8}.Release|iPhoneSimulator.ActiveCfg = Release|Any CPU
		{C091E679-1F0F-4674-8925-F86AA7672BB8}.Release|iPhoneSimulator.Build.0 = Release|Any CPU
		{9FAEA867-4E1A-41C7-9257-C9F74FF7D4F5}.Ad-Hoc|Any CPU.ActiveCfg = Release|Any CPU
		{9FAEA867-4E1A-41C7-9257-C9F74FF7D4F5}.Ad-Hoc|Any CPU.Build.0 = Release|Any CPU
		{9FAEA867-4E1A-41C7-9257-C9F74FF7D4F5}.Ad-Hoc|Any CPU.Deploy.0 = Release|Any CPU
		{9FAEA867-4E1A-41C7-9257-C9F74FF7D4F5}.Ad-Hoc|iPhone.ActiveCfg = Release|Any CPU
		{9FAEA867-4E1A-41C7-9257-C9F74FF7D4F5}.Ad-Hoc|iPhone.Build.0 = Release|Any CPU
		{9FAEA867-4E1A-41C7-9257-C9F74FF7D4F5}.Ad-Hoc|iPhone.Deploy.0 = Release|Any CPU
		{9FAEA867-4E1A-41C7-9257-C9F74FF7D4F5}.Ad-Hoc|iPhoneSimulator.ActiveCfg = Release|Any CPU
		{9FAEA867-4E1A-41C7-9257-C9F74FF7D4F5}.Ad-Hoc|iPhoneSimulator.Build.0 = Release|Any CPU
		{9FAEA867-4E1A-41C7-9257-C9F74FF7D4F5}.Ad-Hoc|iPhoneSimulator.Deploy.0 = Release|Any CPU
		{9FAEA867-4E1A-41C7-9257-C9F74FF7D4F5}.AppStore|Any CPU.ActiveCfg = Release|Any CPU
		{9FAEA867-4E1A-41C7-9257-C9F74FF7D4F5}.AppStore|Any CPU.Build.0 = Release|Any CPU
		{9FAEA867-4E1A-41C7-9257-C9F74FF7D4F5}.AppStore|Any CPU.Deploy.0 = Release|Any CPU
		{9FAEA867-4E1A-41C7-9257-C9F74FF7D4F5}.AppStore|iPhone.ActiveCfg = Release|Any CPU
		{9FAEA867-4E1A-41C7-9257-C9F74FF7D4F5}.AppStore|iPhone.Build.0 = Release|Any CPU
		{9FAEA867-4E1A-41C7-9257-C9F74FF7D4F5}.AppStore|iPhone.Deploy.0 = Release|Any CPU
		{9FAEA867-4E1A-41C7-9257-C9F74FF7D4F5}.AppStore|iPhoneSimulator.ActiveCfg = Release|Any CPU
		{9FAEA867-4E1A-41C7-9257-C9F74FF7D4F5}.AppStore|iPhoneSimulator.Build.0 = Release|Any CPU
		{9FAEA867-4E1A-41C7-9257-C9F74FF7D4F5}.AppStore|iPhoneSimulator.Deploy.0 = Release|Any CPU
		{9FAEA867-4E1A-41C7-9257-C9F74FF7D4F5}.Debug|Any CPU.ActiveCfg = Debug|Any CPU
		{9FAEA867-4E1A-41C7-9257-C9F74FF7D4F5}.Debug|Any CPU.Build.0 = Debug|Any CPU
		{9FAEA867-4E1A-41C7-9257-C9F74FF7D4F5}.Debug|Any CPU.Deploy.0 = Debug|Any CPU
		{9FAEA867-4E1A-41C7-9257-C9F74FF7D4F5}.Debug|iPhone.ActiveCfg = Debug|Any CPU
		{9FAEA867-4E1A-41C7-9257-C9F74FF7D4F5}.Debug|iPhone.Build.0 = Debug|Any CPU
		{9FAEA867-4E1A-41C7-9257-C9F74FF7D4F5}.Debug|iPhone.Deploy.0 = Debug|Any CPU
		{9FAEA867-4E1A-41C7-9257-C9F74FF7D4F5}.Debug|iPhoneSimulator.ActiveCfg = Debug|Any CPU
		{9FAEA867-4E1A-41C7-9257-C9F74FF7D4F5}.Debug|iPhoneSimulator.Build.0 = Debug|Any CPU
		{9FAEA867-4E1A-41C7-9257-C9F74FF7D4F5}.Debug|iPhoneSimulator.Deploy.0 = Debug|Any CPU
		{9FAEA867-4E1A-41C7-9257-C9F74FF7D4F5}.Release|Any CPU.ActiveCfg = Release|Any CPU
		{9FAEA867-4E1A-41C7-9257-C9F74FF7D4F5}.Release|Any CPU.Build.0 = Release|Any CPU
		{9FAEA867-4E1A-41C7-9257-C9F74FF7D4F5}.Release|Any CPU.Deploy.0 = Release|Any CPU
		{9FAEA867-4E1A-41C7-9257-C9F74FF7D4F5}.Release|iPhone.ActiveCfg = Release|Any CPU
		{9FAEA867-4E1A-41C7-9257-C9F74FF7D4F5}.Release|iPhone.Build.0 = Release|Any CPU
		{9FAEA867-4E1A-41C7-9257-C9F74FF7D4F5}.Release|iPhone.Deploy.0 = Release|Any CPU
		{9FAEA867-4E1A-41C7-9257-C9F74FF7D4F5}.Release|iPhoneSimulator.ActiveCfg = Release|Any CPU
		{9FAEA867-4E1A-41C7-9257-C9F74FF7D4F5}.Release|iPhoneSimulator.Build.0 = Release|Any CPU
		{9FAEA867-4E1A-41C7-9257-C9F74FF7D4F5}.Release|iPhoneSimulator.Deploy.0 = Release|Any CPU
		{6410E862-5D4B-406E-B31C-4C644A521673}.Ad-Hoc|Any CPU.ActiveCfg = Ad-Hoc|iPhone
		{6410E862-5D4B-406E-B31C-4C644A521673}.Ad-Hoc|iPhone.ActiveCfg = Ad-Hoc|iPhone
		{6410E862-5D4B-406E-B31C-4C644A521673}.Ad-Hoc|iPhone.Build.0 = Ad-Hoc|iPhone
		{6410E862-5D4B-406E-B31C-4C644A521673}.Ad-Hoc|iPhoneSimulator.ActiveCfg = Ad-Hoc|iPhoneSimulator
		{6410E862-5D4B-406E-B31C-4C644A521673}.Ad-Hoc|iPhoneSimulator.Build.0 = Ad-Hoc|iPhoneSimulator
		{6410E862-5D4B-406E-B31C-4C644A521673}.AppStore|Any CPU.ActiveCfg = AppStore|iPhone
		{6410E862-5D4B-406E-B31C-4C644A521673}.AppStore|iPhone.ActiveCfg = AppStore|iPhone
		{6410E862-5D4B-406E-B31C-4C644A521673}.AppStore|iPhone.Build.0 = AppStore|iPhone
		{6410E862-5D4B-406E-B31C-4C644A521673}.AppStore|iPhoneSimulator.ActiveCfg = AppStore|iPhoneSimulator
		{6410E862-5D4B-406E-B31C-4C644A521673}.AppStore|iPhoneSimulator.Build.0 = AppStore|iPhoneSimulator
		{6410E862-5D4B-406E-B31C-4C644A521673}.Debug|Any CPU.ActiveCfg = Debug|iPhone
		{6410E862-5D4B-406E-B31C-4C644A521673}.Debug|iPhone.ActiveCfg = Debug|iPhone
		{6410E862-5D4B-406E-B31C-4C644A521673}.Debug|iPhone.Build.0 = Debug|iPhone
		{6410E862-5D4B-406E-B31C-4C644A521673}.Debug|iPhoneSimulator.ActiveCfg = Debug|iPhoneSimulator
		{6410E862-5D4B-406E-B31C-4C644A521673}.Debug|iPhoneSimulator.Build.0 = Debug|iPhoneSimulator
		{6410E862-5D4B-406E-B31C-4C644A521673}.Release|Any CPU.ActiveCfg = Release|iPhone
		{6410E862-5D4B-406E-B31C-4C644A521673}.Release|iPhone.ActiveCfg = Release|iPhone
		{6410E862-5D4B-406E-B31C-4C644A521673}.Release|iPhone.Build.0 = Release|iPhone
		{6410E862-5D4B-406E-B31C-4C644A521673}.Release|iPhoneSimulator.ActiveCfg = Release|iPhoneSimulator
		{6410E862-5D4B-406E-B31C-4C644A521673}.Release|iPhoneSimulator.Build.0 = Release|iPhoneSimulator
	EndGlobalSection
	GlobalSection(SolutionProperties) = preSolution
		HideSolutionNode = FALSE
	EndGlobalSection
	GlobalSection(ExtensibilityGlobals) = postSolution
		SolutionGuid = {D69DFD12-EA86-4901-927D-E6394DFEE48A}
	EndGlobalSection
EndGlobal
